
Microsoft Visual Studio Solution File, Format Version 12.00
# Visual Studio Version 17
VisualStudioVersion = 17.6.33829.357
MinimumVisualStudioVersion = 10.0.40219.1
Project("{FAE04EC0-301F-11D3-BF4B-00C04F79EFBC}") = "BuildMart", "BuildMart.csproj", "{A5F3D5C2-7A39-48C4-A363-1B48D0391F21}"
EndProject
Global
	GlobalSection(SolutionConfigurationPlatforms) = preSolution
		Debug|Any CPU = Debug|Any CPU
		Release|Any CPU = Release|Any CPU
	EndGlobalSection
	GlobalSection(ProjectConfigurationPlatforms) = postSolution
		{A5F3D5C2-7A39-48C4-A363-1B48D0391F21}.Debug|Any CPU.ActiveCfg = Debug|Any CPU
		{A5F3D5C2-7A39-48C4-A363-1B48D0391F21}.Debug|Any CPU.Build.0 = Debug|Any CPU
		{A5F3D5C2-7A39-48C4-A363-1B48D0391F21}.Release|Any CPU.ActiveCfg = Release|Any CPU
		{A5F3D5C2-7A39-48C4-A363-1B48D0391F21}.Release|Any CPU.Build.0 = Release|Any CPU
	EndGlobalSection
	GlobalSection(SolutionProperties) = preSolution
		HideSolutionNode = FALSE
	EndGlobalSection
	GlobalSection(ExtensibilityGlobals) = postSolution
		SolutionGuid = {C53E7D8B-E0CE-43A7-8955-7D9438F4DEA1}
	EndGlobalSection
EndGlobal
